// !$*UTF8*$!
{
	archiveVersion = 1;
	classes = {
	};
	objectVersion = 56;
	objects = {

/* Begin PBXBuildFile section */
		68C095B92A1F010400FF3C26 /* CinexApp.swift in Sources */ = {isa = PBXBuildFile; fileRef = 68C095B82A1F010400FF3C26 /* CinexApp.swift */; };
		68C095BB2A1F010400FF3C26 /* ContentView.swift in Sources */ = {isa = PBXBuildFile; fileRef = 68C095BA2A1F010400FF3C26 /* ContentView.swift */; };
		68C095BD2A1F010500FF3C26 /* Assets.xcassets in Resources */ = {isa = PBXBuildFile; fileRef = 68C095BC2A1F010500FF3C26 /* Assets.xcassets */; };
		68C095C02A1F010500FF3C26 /* Preview Assets.xcassets in Resources */ = {isa = PBXBuildFile; fileRef = 68C095BF2A1F010500FF3C26 /* Preview Assets.xcassets */; };
		68C095D52A1F043400FF3C26 /* AppFont.swift in Sources */ = {isa = PBXBuildFile; fileRef = 68C095D42A1F043400FF3C26 /* AppFont.swift */; };
		68C095D72A1F044A00FF3C26 /* AppColor.swift in Sources */ = {isa = PBXBuildFile; fileRef = 68C095D62A1F044A00FF3C26 /* AppColor.swift */; };
		68C095D92A1F045E00FF3C26 /* Just-Hand.ttf in Resources */ = {isa = PBXBuildFile; fileRef = 68C095D82A1F045D00FF3C26 /* Just-Hand.ttf */; };
		68C095E82A1F075F00FF3C26 /* GOTG_Trailer.mp4 in Resources */ = {isa = PBXBuildFile; fileRef = 68C095E52A1F075F00FF3C26 /* GOTG_Trailer.mp4 */; };
		68C095E92A1F075F00FF3C26 /* SpiderVerse_Trailer.mp4 in Resources */ = {isa = PBXBuildFile; fileRef = 68C095E62A1F075F00FF3C26 /* SpiderVerse_Trailer.mp4 */; };
		68C095EA2A1F075F00FF3C26 /* Mario_Trailer.mp4 in Resources */ = {isa = PBXBuildFile; fileRef = 68C095E72A1F075F00FF3C26 /* Mario_Trailer.mp4 */; };
		68C095EC2A1F08A600FF3C26 /* LaunchScreen.storyboard in Resources */ = {isa = PBXBuildFile; fileRef = 68C095EB2A1F08A600FF3C26 /* LaunchScreen.storyboard */; };
		68C095EE2A1F08B300FF3C26 /* Main.storyboard in Resources */ = {isa = PBXBuildFile; fileRef = 68C095ED2A1F08B300FF3C26 /* Main.storyboard */; };
		68C095F02A1F08BA00FF3C26 /* ViewController.swift in Sources */ = {isa = PBXBuildFile; fileRef = 68C095EF2A1F08BA00FF3C26 /* ViewController.swift */; };
		68C095F22A1F08BF00FF3C26 /* art.scnassets in Resources */ = {isa = PBXBuildFile; fileRef = 68C095F12A1F08BF00FF3C26 /* art.scnassets */; };
		68C095F42A1F08C600FF3C26 /* AppDelegate.swift in Sources */ = {isa = PBXBuildFile; fileRef = 68C095F32A1F08C600FF3C26 /* AppDelegate.swift */; };
		68C095F82A1F08EF00FF3C26 /* ARPosterView.swift in Sources */ = {isa = PBXBuildFile; fileRef = 68C095F72A1F08EF00FF3C26 /* ARPosterView.swift */; };
		68C096042A1FC06B00FF3C26 /* Fast_Trailer.mp4 in Resources */ = {isa = PBXBuildFile; fileRef = 68C096032A1FC06B00FF3C26 /* Fast_Trailer.mp4 */; };
		68C096062A1FC07B00FF3C26 /* Flash_Trailer.mp4 in Resources */ = {isa = PBXBuildFile; fileRef = 68C096052A1FC07B00FF3C26 /* Flash_Trailer.mp4 */; };
/* End PBXBuildFile section */

/* Begin PBXFileReference section */
		68C095B52A1F010400FF3C26 /* Cinex.app */ = {isa = PBXFileReference; explicitFileType = wrapper.application; includeInIndex = 0; path = Cinex.app; sourceTree = BUILT_PRODUCTS_DIR; };
		68C095B82A1F010400FF3C26 /* CinexApp.swift */ = {isa = PBXFileReference; lastKnownFileType = sourcecode.swift; path = CinexApp.swift; sourceTree = "<group>"; };
		68C095BA2A1F010400FF3C26 /* ContentView.swift */ = {isa = PBXFileReference; lastKnownFileType = sourcecode.swift; path = ContentView.swift; sourceTree = "<group>"; };
		68C095BC2A1F010500FF3C26 /* Assets.xcassets */ = {isa = PBXFileReference; lastKnownFileType = folder.assetcatalog; path = Assets.xcassets; sourceTree = "<group>"; };
		68C095BF2A1F010500FF3C26 /* Preview Assets.xcassets */ = {isa = PBXFileReference; lastKnownFileType = folder.assetcatalog; path = "Preview Assets.xcassets"; sourceTree = "<group>"; };
		68C095D42A1F043400FF3C26 /* AppFont.swift */ = {isa = PBXFileReference; lastKnownFileType = sourcecode.swift; path = AppFont.swift; sourceTree = "<group>"; };
		68C095D62A1F044A00FF3C26 /* AppColor.swift */ = {isa = PBXFileReference; lastKnownFileType = sourcecode.swift; path = AppColor.swift; sourceTree = "<group>"; };
		68C095D82A1F045D00FF3C26 /* Just-Hand.ttf */ = {isa = PBXFileReference; lastKnownFileType = file; path = "Just-Hand.ttf"; sourceTree = "<group>"; };
		68C095E52A1F075F00FF3C26 /* GOTG_Trailer.mp4 */ = {isa = PBXFileReference; lastKnownFileType = file; path = GOTG_Trailer.mp4; sourceTree = "<group>"; };
		68C095E62A1F075F00FF3C26 /* SpiderVerse_Trailer.mp4 */ = {isa = PBXFileReference; lastKnownFileType = file; path = SpiderVerse_Trailer.mp4; sourceTree = "<group>"; };
		68C095E72A1F075F00FF3C26 /* Mario_Trailer.mp4 */ = {isa = PBXFileReference; lastKnownFileType = file; path = Mario_Trailer.mp4; sourceTree = "<group>"; };
		68C095EB2A1F08A600FF3C26 /* LaunchScreen.storyboard */ = {isa = PBXFileReference; fileEncoding = 4; lastKnownFileType = file.storyboard; path = LaunchScreen.storyboard; sourceTree = "<group>"; };
		68C095ED2A1F08B300FF3C26 /* Main.storyboard */ = {isa = PBXFileReference; fileEncoding = 4; lastKnownFileType = file.storyboard; path = Main.storyboard; sourceTree = "<group>"; };
		68C095EF2A1F08BA00FF3C26 /* ViewController.swift */ = {isa = PBXFileReference; fileEncoding = 4; lastKnownFileType = sourcecode.swift; path = ViewController.swift; sourceTree = "<group>"; };
		68C095F12A1F08BF00FF3C26 /* art.scnassets */ = {isa = PBXFileReference; lastKnownFileType = wrapper.scnassets; path = art.scnassets; sourceTree = "<group>"; };
		68C095F32A1F08C600FF3C26 /* AppDelegate.swift */ = {isa = PBXFileReference; fileEncoding = 4; lastKnownFileType = sourcecode.swift; path = AppDelegate.swift; sourceTree = "<group>"; };
		68C095F72A1F08EF00FF3C26 /* ARPosterView.swift */ = {isa = PBXFileReference; fileEncoding = 4; lastKnownFileType = sourcecode.swift; path = ARPosterView.swift; sourceTree = "<group>"; };
		68C095FA2A1F097300FF3C26 /* Info.plist */ = {isa = PBXFileReference; lastKnownFileType = text.plist; path = Info.plist; sourceTree = "<group>"; };
		68C096032A1FC06B00FF3C26 /* Fast_Trailer.mp4 */ = {isa = PBXFileReference; lastKnownFileType = file; path = Fast_Trailer.mp4; sourceTree = "<group>"; };
		68C096052A1FC07B00FF3C26 /* Flash_Trailer.mp4 */ = {isa = PBXFileReference; lastKnownFileType = file; path = Flash_Trailer.mp4; sourceTree = "<group>"; };
/* End PBXFileReference section */

/* Begin PBXFrameworksBuildPhase section */
		68C095B22A1F010400FF3C26 /* Frameworks */ = {
			isa = PBXFrameworksBuildPhase;
			buildActionMask = 2147483647;
			files = (
			);
			runOnlyForDeploymentPostprocessing = 0;
		};
/* End PBXFrameworksBuildPhase section */

/* Begin PBXGroup section */
		68C095AC2A1F010400FF3C26 = {
			isa = PBXGroup;
			children = (
				68C095B72A1F010400FF3C26 /* Cinex */,
				68C095B62A1F010400FF3C26 /* Products */,
			);
			sourceTree = "<group>";
		};
		68C095B62A1F010400FF3C26 /* Products */ = {
			isa = PBXGroup;
			children = (
				68C095B52A1F010400FF3C26 /* Cinex.app */,
			);
			name = Products;
			sourceTree = "<group>";
		};
		68C095B72A1F010400FF3C26 /* Cinex */ = {
			isa = PBXGroup;
			children = (
				68C095FA2A1F097300FF3C26 /* Info.plist */,
				68C095C62A1F011B00FF3C26 /* Features */,
				68C095C72A1F012700FF3C26 /* Core */,
				68C095C82A1F012F00FF3C26 /* Application */,
				68C095BE2A1F010500FF3C26 /* Preview Content */,
			);
			path = Cinex;
			sourceTree = "<group>";
		};
		68C095BE2A1F010500FF3C26 /* Preview Content */ = {
			isa = PBXGroup;
			children = (
				68C095BF2A1F010500FF3C26 /* Preview Assets.xcassets */,
			);
			path = "Preview Content";
			sourceTree = "<group>";
		};
		68C095C62A1F011B00FF3C26 /* Features */ = {
			isa = PBXGroup;
			children = (
				68C095D02A1F01BE00FF3C26 /* ARController */,
				68C095CF2A1F01B300FF3C26 /* SplashScreen */,
			);
			path = Features;
			sourceTree = "<group>";
		};
		68C095C72A1F012700FF3C26 /* Core */ = {
			isa = PBXGroup;
			children = (
				68C095DA2A1F066400FF3C26 /* Resources */,
				68C095C92A1F015F00FF3C26 /* Themes */,
			);
			path = Core;
			sourceTree = "<group>";
		};
		68C095C82A1F012F00FF3C26 /* Application */ = {
			isa = PBXGroup;
			children = (
				68C095B82A1F010400FF3C26 /* CinexApp.swift */,
			);
			path = Application;
			sourceTree = "<group>";
		};
		68C095C92A1F015F00FF3C26 /* Themes */ = {
			isa = PBXGroup;
			children = (
				68C095CC2A1F018500FF3C26 /* Presenters */,
				68C095CB2A1F017600FF3C26 /* Color */,
				68C095CA2A1F016D00FF3C26 /* Font */,
			);
			path = Themes;
			sourceTree = "<group>";
		};
		68C095CA2A1F016D00FF3C26 /* Font */ = {
			isa = PBXGroup;
			children = (
				68C095D42A1F043400FF3C26 /* AppFont.swift */,
			);
			path = Font;
			sourceTree = "<group>";
		};
		68C095CB2A1F017600FF3C26 /* Color */ = {
			isa = PBXGroup;
			children = (
				68C095D62A1F044A00FF3C26 /* AppColor.swift */,
			);
			path = Color;
			sourceTree = "<group>";
		};
		68C095CC2A1F018500FF3C26 /* Presenters */ = {
			isa = PBXGroup;
			children = (
				68C095CD2A1F018E00FF3C26 /* Components */,
			);
			path = Presenters;
			sourceTree = "<group>";
		};
		68C095CD2A1F018E00FF3C26 /* Components */ = {
			isa = PBXGroup;
			children = (
			);
			path = Components;
			sourceTree = "<group>";
		};
		68C095CF2A1F01B300FF3C26 /* SplashScreen */ = {
			isa = PBXGroup;
			children = (
				68C095D22A1F03AE00FF3C26 /* Presenters */,
			);
			path = SplashScreen;
			sourceTree = "<group>";
		};
		68C095D02A1F01BE00FF3C26 /* ARController */ = {
			isa = PBXGroup;
			children = (
				68C095F92A1F090400FF3C26 /* Controller */,
				68C095F62A1F08E300FF3C26 /* View */,
			);
			path = ARController;
			sourceTree = "<group>";
		};
		68C095D22A1F03AE00FF3C26 /* Presenters */ = {
			isa = PBXGroup;
			children = (
				68C095D32A1F03B700FF3C26 /* View */,
			);
			path = Presenters;
			sourceTree = "<group>";
		};
		68C095D32A1F03B700FF3C26 /* View */ = {
			isa = PBXGroup;
			children = (
				68C095BA2A1F010400FF3C26 /* ContentView.swift */,
			);
			path = View;
			sourceTree = "<group>";
		};
		68C095DA2A1F066400FF3C26 /* Resources */ = {
			isa = PBXGroup;
			children = (
				68C095E22A1F073500FF3C26 /* Video */,
				68C095DB2A1F066D00FF3C26 /* Font */,
				68C095BC2A1F010500FF3C26 /* Assets.xcassets */,
			);
			path = Resources;
			sourceTree = "<group>";
		};
		68C095DB2A1F066D00FF3C26 /* Font */ = {
			isa = PBXGroup;
			children = (
				68C095D82A1F045D00FF3C26 /* Just-Hand.ttf */,
			);
			path = Font;
			sourceTree = "<group>";
		};
		68C095E22A1F073500FF3C26 /* Video */ = {
			isa = PBXGroup;
			children = (
				68C096052A1FC07B00FF3C26 /* Flash_Trailer.mp4 */,
				68C096032A1FC06B00FF3C26 /* Fast_Trailer.mp4 */,
				68C095E52A1F075F00FF3C26 /* GOTG_Trailer.mp4 */,
				68C095E62A1F075F00FF3C26 /* SpiderVerse_Trailer.mp4 */,
				68C095E72A1F075F00FF3C26 /* Mario_Trailer.mp4 */,
			);
			path = Video;
			sourceTree = "<group>";
		};
		68C095F62A1F08E300FF3C26 /* View */ = {
			isa = PBXGroup;
			children = (
				68C095F72A1F08EF00FF3C26 /* ARPosterView.swift */,
			);
			path = View;
			sourceTree = "<group>";
		};
		68C095F92A1F090400FF3C26 /* Controller */ = {
			isa = PBXGroup;
			children = (
				68C095F32A1F08C600FF3C26 /* AppDelegate.swift */,
				68C095F12A1F08BF00FF3C26 /* art.scnassets */,
				68C095EF2A1F08BA00FF3C26 /* ViewController.swift */,
				68C095ED2A1F08B300FF3C26 /* Main.storyboard */,
				68C095EB2A1F08A600FF3C26 /* LaunchScreen.storyboard */,
			);
			path = Controller;
			sourceTree = "<group>";
		};
/* End PBXGroup section */

/* Begin PBXNativeTarget section */
		68C095B42A1F010400FF3C26 /* Cinex */ = {
			isa = PBXNativeTarget;
			buildConfigurationList = 68C095C32A1F010500FF3C26 /* Build configuration list for PBXNativeTarget "Cinex" */;
			buildPhases = (
				68C095B12A1F010400FF3C26 /* Sources */,
				68C095B22A1F010400FF3C26 /* Frameworks */,
				68C095B32A1F010400FF3C26 /* Resources */,
			);
			buildRules = (
			);
			dependencies = (
			);
			name = Cinex;
			productName = Cinex;
			productReference = 68C095B52A1F010400FF3C26 /* Cinex.app */;
			productType = "com.apple.product-type.application";
		};
/* End PBXNativeTarget section */

/* Begin PBXProject section */
		68C095AD2A1F010400FF3C26 /* Project object */ = {
			isa = PBXProject;
			attributes = {
				BuildIndependentTargetsInParallel = 1;
				LastSwiftUpdateCheck = 1430;
				LastUpgradeCheck = 1430;
				TargetAttributes = {
					68C095B42A1F010400FF3C26 = {
						CreatedOnToolsVersion = 14.3;
					};
				};
			};
			buildConfigurationList = 68C095B02A1F010400FF3C26 /* Build configuration list for PBXProject "Cinex" */;
			compatibilityVersion = "Xcode 14.0";
			developmentRegion = en;
			hasScannedForEncodings = 0;
			knownRegions = (
				en,
				Base,
			);
			mainGroup = 68C095AC2A1F010400FF3C26;
			productRefGroup = 68C095B62A1F010400FF3C26 /* Products */;
			projectDirPath = "";
			projectRoot = "";
			targets = (
				68C095B42A1F010400FF3C26 /* Cinex */,
			);
		};
/* End PBXProject section */

/* Begin PBXResourcesBuildPhase section */
		68C095B32A1F010400FF3C26 /* Resources */ = {
			isa = PBXResourcesBuildPhase;
			buildActionMask = 2147483647;
			files = (
				68C095D92A1F045E00FF3C26 /* Just-Hand.ttf in Resources */,
				68C095F22A1F08BF00FF3C26 /* art.scnassets in Resources */,
				68C095C02A1F010500FF3C26 /* Preview Assets.xcassets in Resources */,
				68C095E92A1F075F00FF3C26 /* SpiderVerse_Trailer.mp4 in Resources */,
				68C095EE2A1F08B300FF3C26 /* Main.storyboard in Resources */,
				68C096062A1FC07B00FF3C26 /* Flash_Trailer.mp4 in Resources */,
				68C095EA2A1F075F00FF3C26 /* Mario_Trailer.mp4 in Resources */,
				68C096042A1FC06B00FF3C26 /* Fast_Trailer.mp4 in Resources */,
				68C095EC2A1F08A600FF3C26 /* LaunchScreen.storyboard in Resources */,
				68C095E82A1F075F00FF3C26 /* GOTG_Trailer.mp4 in Resources */,
				68C095BD2A1F010500FF3C26 /* Assets.xcassets in Resources */,
			);
			runOnlyForDeploymentPostprocessing = 0;
		};
/* End PBXResourcesBuildPhase section */

/* Begin PBXSourcesBuildPhase section */
		68C095B12A1F010400FF3C26 /* Sources */ = {
			isa = PBXSourcesBuildPhase;
			buildActionMask = 2147483647;
			files = (
				68C095F42A1F08C600FF3C26 /* AppDelegate.swift in Sources */,
				68C095F02A1F08BA00FF3C26 /* ViewController.swift in Sources */,
				68C095BB2A1F010400FF3C26 /* ContentView.swift in Sources */,
				68C095F82A1F08EF00FF3C26 /* ARPosterView.swift in Sources */,
				68C095D72A1F044A00FF3C26 /* AppColor.swift in Sources */,
				68C095B92A1F010400FF3C26 /* CinexApp.swift in Sources */,
				68C095D52A1F043400FF3C26 /* AppFont.swift in Sources */,
			);
			runOnlyForDeploymentPostprocessing = 0;
		};
/* End PBXSourcesBuildPhase section */

/* Begin XCBuildConfiguration section */
		68C095C12A1F010500FF3C26 /* Debug */ = {
			isa = XCBuildConfiguration;
			buildSettings = {
				ALWAYS_SEARCH_USER_PATHS = NO;
				CLANG_ANALYZER_NONNULL = YES;
				CLANG_ANALYZER_NUMBER_OBJECT_CONVERSION = YES_AGGRESSIVE;
				CLANG_CXX_LANGUAGE_STANDARD = "gnu++20";
				CLANG_ENABLE_MODULES = YES;
				CLANG_ENABLE_OBJC_ARC = YES;
				CLANG_ENABLE_OBJC_WEAK = YES;
				CLANG_WARN_BLOCK_CAPTURE_AUTORELEASING = YES;
				CLANG_WARN_BOOL_CONVERSION = YES;
				CLANG_WARN_COMMA = YES;
				CLANG_WARN_CONSTANT_CONVERSION = YES;
				CLANG_WARN_DEPRECATED_OBJC_IMPLEMENTATIONS = YES;
				CLANG_WARN_DIRECT_OBJC_ISA_USAGE = YES_ERROR;
				CLANG_WARN_DOCUMENTATION_COMMENTS = YES;
				CLANG_WARN_EMPTY_BODY = YES;
				CLANG_WARN_ENUM_CONVERSION = YES;
				CLANG_WARN_INFINITE_RECURSION = YES;
				CLANG_WARN_INT_CONVERSION = YES;
				CLANG_WARN_NON_LITERAL_NULL_CONVERSION = YES;
				CLANG_WARN_OBJC_IMPLICIT_RETAIN_SELF = YES;
				CLANG_WARN_OBJC_LITERAL_CONVERSION = YES;
				CLANG_WARN_OBJC_ROOT_CLASS = YES_ERROR;
				CLANG_WARN_QUOTED_INCLUDE_IN_FRAMEWORK_HEADER = YES;
				CLANG_WARN_RANGE_LOOP_ANALYSIS = YES;
				CLANG_WARN_STRICT_PROTOTYPES = YES;
				CLANG_WARN_SUSPICIOUS_MOVE = YES;
				CLANG_WARN_UNGUARDED_AVAILABILITY = YES_AGGRESSIVE;
				CLANG_WARN_UNREACHABLE_CODE = YES;
				CLANG_WARN__DUPLICATE_METHOD_MATCH = YES;
				COPY_PHASE_STRIP = NO;
				DEBUG_INFORMATION_FORMAT = dwarf;
				ENABLE_STRICT_OBJC_MSGSEND = YES;
				ENABLE_TESTABILITY = YES;
				GCC_C_LANGUAGE_STANDARD = gnu11;
				GCC_DYNAMIC_NO_PIC = NO;
				GCC_NO_COMMON_BLOCKS = YES;
				GCC_OPTIMIZATION_LEVEL = 0;
				GCC_PREPROCESSOR_DEFINITIONS = (
					"DEBUG=1",
					"$(inherited)",
				);
				GCC_WARN_64_TO_32_BIT_CONVERSION = YES;
				GCC_WARN_ABOUT_RETURN_TYPE = YES_ERROR;
				GCC_WARN_UNDECLARED_SELECTOR = YES;
				GCC_WARN_UNINITIALIZED_AUTOS = YES_AGGRESSIVE;
				GCC_WARN_UNUSED_FUNCTION = YES;
				GCC_WARN_UNUSED_VARIABLE = YES;
				IPHONEOS_DEPLOYMENT_TARGET = 16.4;
				MTL_ENABLE_DEBUG_INFO = INCLUDE_SOURCE;
				MTL_FAST_MATH = YES;
				ONLY_ACTIVE_ARCH = YES;
				SDKROOT = iphoneos;
				SWIFT_ACTIVE_COMPILATION_CONDITIONS = DEBUG;
				SWIFT_OPTIMIZATION_LEVEL = "-Onone";
			};
			name = Debug;
		};
		68C095C22A1F010500FF3C26 /* Release */ = {
			isa = XCBuildConfiguration;
			buildSettings = {
				ALWAYS_SEARCH_USER_PATHS = NO;
				CLANG_ANALYZER_NONNULL = YES;
				CLANG_ANALYZER_NUMBER_OBJECT_CONVERSION = YES_AGGRESSIVE;
				CLANG_CXX_LANGUAGE_STANDARD = "gnu++20";
				CLANG_ENABLE_MODULES = YES;
				CLANG_ENABLE_OBJC_ARC = YES;
				CLANG_ENABLE_OBJC_WEAK = YES;
				CLANG_WARN_BLOCK_CAPTURE_AUTORELEASING = YES;
				CLANG_WARN_BOOL_CONVERSION = YES;
				CLANG_WARN_COMMA = YES;
				CLANG_WARN_CONSTANT_CONVERSION = YES;
				CLANG_WARN_DEPRECATED_OBJC_IMPLEMENTATIONS = YES;
				CLANG_WARN_DIRECT_OBJC_ISA_USAGE = YES_ERROR;
				CLANG_WARN_DOCUMENTATION_COMMENTS = YES;
				CLANG_WARN_EMPTY_BODY = YES;
				CLANG_WARN_ENUM_CONVERSION = YES;
				CLANG_WARN_INFINITE_RECURSION = YES;
				CLANG_WARN_INT_CONVERSION = YES;
				CLANG_WARN_NON_LITERAL_NULL_CONVERSION = YES;
				CLANG_WARN_OBJC_IMPLICIT_RETAIN_SELF = YES;
				CLANG_WARN_OBJC_LITERAL_CONVERSION = YES;
				CLANG_WARN_OBJC_ROOT_CLASS = YES_ERROR;
				CLANG_WARN_QUOTED_INCLUDE_IN_FRAMEWORK_HEADER = YES;
				CLANG_WARN_RANGE_LOOP_ANALYSIS = YES;
				CLANG_WARN_STRICT_PROTOTYPES = YES;
				CLANG_WARN_SUSPICIOUS_MOVE = YES;
				CLANG_WARN_UNGUARDED_AVAILABILITY = YES_AGGRESSIVE;
				CLANG_WARN_UNREACHABLE_CODE = YES;
				CLANG_WARN__DUPLICATE_METHOD_MATCH = YES;
				COPY_PHASE_STRIP = NO;
				DEBUG_INFORMATION_FORMAT = "dwarf-with-dsym";
				ENABLE_NS_ASSERTIONS = NO;
				ENABLE_STRICT_OBJC_MSGSEND = YES;
				GCC_C_LANGUAGE_STANDARD = gnu11;
				GCC_NO_COMMON_BLOCKS = YES;
				GCC_WARN_64_TO_32_BIT_CONVERSION = YES;
				GCC_WARN_ABOUT_RETURN_TYPE = YES_ERROR;
				GCC_WARN_UNDECLARED_SELECTOR = YES;
				GCC_WARN_UNINITIALIZED_AUTOS = YES_AGGRESSIVE;
				GCC_WARN_UNUSED_FUNCTION = YES;
				GCC_WARN_UNUSED_VARIABLE = YES;
				IPHONEOS_DEPLOYMENT_TARGET = 16.4;
				MTL_ENABLE_DEBUG_INFO = NO;
				MTL_FAST_MATH = YES;
				SDKROOT = iphoneos;
				SWIFT_COMPILATION_MODE = wholemodule;
				SWIFT_OPTIMIZATION_LEVEL = "-O";
				VALIDATE_PRODUCT = YES;
			};
			name = Release;
		};
		68C095C42A1F010500FF3C26 /* Debug */ = {
			isa = XCBuildConfiguration;
			buildSettings = {
				ASSETCATALOG_COMPILER_APPICON_NAME = AppIcon;
				ASSETCATALOG_COMPILER_GLOBAL_ACCENT_COLOR_NAME = AccentColor;
				CODE_SIGN_STYLE = Automatic;
				CURRENT_PROJECT_VERSION = 1;
				DEVELOPMENT_ASSET_PATHS = "\"Cinex/Preview Content\"";
				DEVELOPMENT_TEAM = K685PAJ23Q;
				ENABLE_PREVIEWS = YES;
				GENERATE_INFOPLIST_FILE = YES;
				INFOPLIST_FILE = Cinex/Info.plist;
				INFOPLIST_KEY_NSCameraUsageDescription = "Required for AR usage";
				INFOPLIST_KEY_UIApplicationSceneManifest_Generation = YES;
				INFOPLIST_KEY_UIApplicationSupportsIndirectInputEvents = YES;
				INFOPLIST_KEY_UILaunchScreen_Generation = YES;
				INFOPLIST_KEY_UISupportedInterfaceOrientations_iPad = "UIInterfaceOrientationPortrait UIInterfaceOrientationPortraitUpsideDown UIInterfaceOrientationLandscapeLeft UIInterfaceOrientationLandscapeRight";
				INFOPLIST_KEY_UISupportedInterfaceOrientations_iPhone = "UIInterfaceOrientationPortrait UIInterfaceOrientationLandscapeLeft UIInterfaceOrientationLandscapeRight";
				LD_RUNPATH_SEARCH_PATHS = (
					"$(inherited)",
					"@executable_path/Frameworks",
				);
				MARKETING_VERSION = 1.0;
				PRODUCT_BUNDLE_IDENTIFIER = everyone.Cinex;
				PRODUCT_NAME = "$(TARGET_NAME)";
				SWIFT_EMIT_LOC_STRINGS = YES;
				SWIFT_VERSION = 5.0;
				TARGETED_DEVICE_FAMILY = "1,2";
			};
			name = Debug;
		};
		68C095C52A1F010500FF3C26 /* Release */ = {
			isa = XCBuildConfiguration;
			buildSettings = {
				ASSETCATALOG_COMPILER_APPICON_NAME = AppIcon;
				ASSETCATALOG_COMPILER_GLOBAL_ACCENT_COLOR_NAME = AccentColor;
				CODE_SIGN_STYLE = Automatic;
				CURRENT_PROJECT_VERSION = 1;
				DEVELOPMENT_ASSET_PATHS = "\"Cinex/Preview Content\"";
				DEVELOPMENT_TEAM = K685PAJ23Q;
				ENABLE_PREVIEWS = YES;
				GENERATE_INFOPLIST_FILE = YES;
				INFOPLIST_FILE = Cinex/Info.plist;
				INFOPLIST_KEY_NSCameraUsageDescription = "Required for AR usage";
				INFOPLIST_KEY_UIApplicationSceneManifest_Generation = YES;
				INFOPLIST_KEY_UIApplicationSupportsIndirectInputEvents = YES;
				INFOPLIST_KEY_UILaunchScreen_Generation = YES;
				INFOPLIST_KEY_UISupportedInterfaceOrientations_iPad = "UIInterfaceOrientationPortrait UIInterfaceOrientationPortraitUpsideDown UIInterfaceOrientationLandscapeLeft UIInterfaceOrientationLandscapeRight";
				INFOPLIST_KEY_UISupportedInterfaceOrientations_iPhone = "UIInterfaceOrientationPortrait UIInterfaceOrientationLandscapeLeft UIInterfaceOrientationLandscapeRight";
				LD_RUNPATH_SEARCH_PATHS = (
					"$(inherited)",
					"@executable_path/Frameworks",
				);
				MARKETING_VERSION = 1.0;
				PRODUCT_BUNDLE_IDENTIFIER = everyone.Cinex;
				PRODUCT_NAME = "$(TARGET_NAME)";
				SWIFT_EMIT_LOC_STRINGS = YES;
				SWIFT_VERSION = 5.0;
				TARGETED_DEVICE_FAMILY = "1,2";
			};
			name = Release;
		};
/* End XCBuildConfiguration section */

/* Begin XCConfigurationList section */
		68C095B02A1F010400FF3C26 /* Build configuration list for PBXProject "Cinex" */ = {
			isa = XCConfigurationList;
			buildConfigurations = (
				68C095C12A1F010500FF3C26 /* Debug */,
				68C095C22A1F010500FF3C26 /* Release */,
			);
			defaultConfigurationIsVisible = 0;
			defaultConfigurationName = Release;
		};
		68C095C32A1F010500FF3C26 /* Build configuration list for PBXNativeTarget "Cinex" */ = {
			isa = XCConfigurationList;
			buildConfigurations = (
				68C095C42A1F010500FF3C26 /* Debug */,
				68C095C52A1F010500FF3C26 /* Release */,
			);
			defaultConfigurationIsVisible = 0;
			defaultConfigurationName = Release;
		};
/* End XCConfigurationList section */
	};
	rootObject = 68C095AD2A1F010400FF3C26 /* Project object */;
}
